
Microsoft Visual Studio Solution File, Format Version 12.00
# Visual Studio 15
VisualStudioVersion = 15.0.28307.421
MinimumVisualStudioVersion = 10.0.40219.1
Project("{FAE04EC0-301F-11D3-BF4B-00C04F79EFBC}") = "surbus_scrapper", "surbus_scrapper\surbus_scrapper.csproj", "{BB79311F-F57D-446F-B600-905179A794D2}"
EndProject
Global
	GlobalSection(SolutionConfigurationPlatforms) = preSolution
		Debug|Any CPU = Debug|Any CPU
		Release|Any CPU = Release|Any CPU
	EndGlobalSection
	GlobalSection(ProjectConfigurationPlatforms) = postSolution
		{BB79311F-F57D-446F-B600-905179A794D2}.Debug|Any CPU.ActiveCfg = Debug|Any CPU
		{BB79311F-F57D-446F-B600-905179A794D2}.Debug|Any CPU.Build.0 = Debug|Any CPU
		{BB79311F-F57D-446F-B600-905179A794D2}.Release|Any CPU.ActiveCfg = Release|Any CPU
		{BB79311F-F57D-446F-B600-905179A794D2}.Release|Any CPU.Build.0 = Release|Any CPU
	EndGlobalSection
	GlobalSection(SolutionProperties) = preSolution
		HideSolutionNode = FALSE
	EndGlobalSection
	GlobalSection(ExtensibilityGlobals) = postSolution
		SolutionGuid = {5D0446B6-1CFB-414B-8578-0B59353DF40A}
	EndGlobalSection
EndGlobal
